
Microsoft Visual Studio Solution File, Format Version 12.00
# Visual Studio Version 16
VisualStudioVersion = 16.0.29326.143
MinimumVisualStudioVersion = 10.0.40219.1
Project("{FAE04EC0-301F-11D3-BF4B-00C04F79EFBC}") = "Open-Lab-02.5", "Open-Lab-02.5\Open-Lab-02.5.csproj", "{63ACF6BE-122D-43EC-AD30-F599CADA8F68}"
EndProject
Global
	GlobalSection(SolutionConfigurationPlatforms) = preSolution
		Debug|Any CPU = Debug|Any CPU
		Release|Any CPU = Release|Any CPU
	EndGlobalSection
	GlobalSection(ProjectConfigurationPlatforms) = postSolution
		{63ACF6BE-122D-43EC-AD30-F599CADA8F68}.Debug|Any CPU.ActiveCfg = Debug|Any CPU
		{63ACF6BE-122D-43EC-AD30-F599CADA8F68}.Debug|Any CPU.Build.0 = Debug|Any CPU
		{63ACF6BE-122D-43EC-AD30-F599CADA8F68}.Release|Any CPU.ActiveCfg = Release|Any CPU
		{63ACF6BE-122D-43EC-AD30-F599CADA8F68}.Release|Any CPU.Build.0 = Release|Any CPU
	EndGlobalSection
	GlobalSection(SolutionProperties) = preSolution
		HideSolutionNode = FALSE
	EndGlobalSection
	GlobalSection(ExtensibilityGlobals) = postSolution
		SolutionGuid = {25CFBDE0-38DE-4252-8AAD-40764EDA6113}
	EndGlobalSection
EndGlobal
